{
  "version": 4,
  "terraform_version": "1.3.7",
  "serial": 14,
  "lineage": "c4d9fdea-63fd-6f2c-18c4-8bde55917b88",
  "outputs": {},
  "resources": [
    {
      "mode": "data",
      "type": "google_client_config",
      "name": "current",
      "provider": "provider[\"registry.terraform.io/hashicorp/google\"]",
      "instances": [
        {
          "schema_version": 0,
          "attributes": {
            "access_token": "ya29.a0AX9GBdUSWLjbTpmyC35-Aa7rFkiD2zwkFri9q9x81l_bkkulxEGn1gJVdcqF4tKwMcQuvMKaYZndFoA3fkTIuIsx9wPQetnIYjRTR7kNWryrHKKsgNGqgiOjGWlgTHHG5xIj1g6wSdnJDQyiqsfjNzmGEBwLFXS8jq7DzsPND4rKi8LvVUPlhwJDSLNgjSEGJVLDDFe9YsZ_exjsz55AobfLPEo8LDUMf9pU0z4aCgYKAawSARASFQHUCsbC48NJPvhtMfReYSZ4s-hyYQ0238",
            "id": "projects/data-flow-build-for-argolis/regions//zones/",
            "project": "data-flow-build-for-argolis",
            "region": "",
            "zone": ""
          },
          "sensitive_attributes": []
        }
      ]
    },
    {
      "mode": "data",
      "type": "google_project",
      "name": "project",
      "provider": "provider[\"registry.terraform.io/hashicorp/google\"]",
      "instances": [
        {
          "schema_version": 0,
          "attributes": {
            "auto_create_network": null,
            "billing_account": "01EC49-7ADF5B-D0B7E4",
            "folder_id": "",
            "id": "projects/data-flow-build-for-argolis",
            "labels": {},
            "name": "data flow build for argolis",
            "number": "971664390452",
            "org_id": "345700671929",
            "project_id": "data-flow-build-for-argolis",
            "skip_delete": null
          },
          "sensitive_attributes": []
        }
      ]
    },
    {
      "mode": "managed",
      "type": "google_project_service",
      "name": "enable-services",
      "provider": "provider[\"registry.terraform.io/hashicorp/google\"]",
      "instances": [
        {
          "index_key": "autoscaling.googleapis.com",
          "schema_version": 0,
          "attributes": {
            "disable_dependent_services": null,
            "disable_on_destroy": false,
            "id": "data-flow-build-for-argolis/autoscaling.googleapis.com",
            "project": "data-flow-build-for-argolis",
            "service": "autoscaling.googleapis.com",
            "timeouts": null
          },
          "sensitive_attributes": [],
          "private": "eyJlMmJmYjczMC1lY2FhLTExZTYtOGY4OC0zNDM2M2JjN2M0YzAiOnsiY3JlYXRlIjoxMjAwMDAwMDAwMDAwLCJkZWxldGUiOjEyMDAwMDAwMDAwMDAsInJlYWQiOjYwMDAwMDAwMDAwMCwidXBkYXRlIjoxMjAwMDAwMDAwMDAwfX0="
        },
        {
          "index_key": "dataflow.googleapis.com",
          "schema_version": 0,
          "attributes": {
            "disable_dependent_services": null,
            "disable_on_destroy": false,
            "id": "data-flow-build-for-argolis/dataflow.googleapis.com",
            "project": "data-flow-build-for-argolis",
            "service": "dataflow.googleapis.com",
            "timeouts": null
          },
          "sensitive_attributes": [],
          "private": "eyJlMmJmYjczMC1lY2FhLTExZTYtOGY4OC0zNDM2M2JjN2M0YzAiOnsiY3JlYXRlIjoxMjAwMDAwMDAwMDAwLCJkZWxldGUiOjEyMDAwMDAwMDAwMDAsInJlYWQiOjYwMDAwMDAwMDAwMCwidXBkYXRlIjoxMjAwMDAwMDAwMDAwfX0="
        }
      ]
    },
    {
      "mode": "managed",
      "type": "time_sleep",
      "name": "wait_X_seconds",
      "provider": "provider[\"registry.terraform.io/hashicorp/time\"]",
      "instances": [
        {
          "schema_version": 0,
          "attributes": {
            "create_duration": "60s",
            "destroy_duration": null,
            "id": "2023-01-18T20:02:09Z",
            "triggers": null
          },
          "sensitive_attributes": [],
          "private": "bnVsbA==",
          "dependencies": [
            "google_project_service.enable-services"
          ]
        }
      ]
    },
    {
      "module": "module.demo-vpc",
      "mode": "managed",
      "type": "google_compute_firewall",
      "name": "default",
      "provider": "provider[\"registry.terraform.io/hashicorp/google\"]",
      "instances": [
        {
          "schema_version": 1,
          "attributes": {
            "allow": [
              {
                "ports": [
                  "80",
                  "8080",
                  "1000-2000",
                  "12345-12346"
                ],
                "protocol": "tcp"
              },
              {
                "ports": [],
                "protocol": "icmp"
              }
            ],
            "creation_timestamp": "2023-01-18T12:01:59.249-08:00",
            "deny": [],
            "description": "",
            "destination_ranges": [],
            "direction": "INGRESS",
            "disabled": false,
            "enable_logging": null,
            "id": "projects/data-flow-build-for-argolis/global/firewalls/test-firewall",
            "log_config": [],
            "name": "test-firewall",
            "network": "https://www.googleapis.com/compute/v1/projects/data-flow-build-for-argolis/global/networks/default",
            "priority": 1000,
            "project": "data-flow-build-for-argolis",
            "self_link": "https://www.googleapis.com/compute/v1/projects/data-flow-build-for-argolis/global/firewalls/test-firewall",
            "source_ranges": null,
            "source_service_accounts": null,
            "source_tags": [
              "web"
            ],
            "target_service_accounts": null,
            "target_tags": null,
            "timeouts": null
          },
          "sensitive_attributes": [],
          "private": "eyJlMmJmYjczMC1lY2FhLTExZTYtOGY4OC0zNDM2M2JjN2M0YzAiOnsiY3JlYXRlIjoxMjAwMDAwMDAwMDAwLCJkZWxldGUiOjEyMDAwMDAwMDAwMDAsInVwZGF0ZSI6MTIwMDAwMDAwMDAwMH0sInNjaGVtYV92ZXJzaW9uIjoiMSJ9",
          "dependencies": [
            "data.google_project.project",
            "module.demo-vpc.google_compute_network.demo-vpc",
            "module.demo-vpc.google_project_iam_member.iam_roles",
            "module.demo-vpc.google_project_service.enable-services"
          ]
        }
      ]
    },
    {
      "module": "module.demo-vpc",
      "mode": "managed",
      "type": "google_compute_network",
      "name": "demo-vpc",
      "provider": "provider[\"registry.terraform.io/hashicorp/google\"]",
      "instances": [
        {
          "schema_version": 0,
          "attributes": {
            "auto_create_subnetworks": true,
            "delete_default_routes_on_create": false,
            "description": "",
            "enable_ula_internal_ipv6": false,
            "gateway_ipv4": "",
            "id": "projects/data-flow-build-for-argolis/global/networks/default",
            "internal_ipv6_range": "",
            "mtu": 0,
            "name": "default",
            "project": "data-flow-build-for-argolis",
            "routing_mode": "REGIONAL",
            "self_link": "https://www.googleapis.com/compute/v1/projects/data-flow-build-for-argolis/global/networks/default",
            "timeouts": null
          },
          "sensitive_attributes": [],
          "private": "eyJlMmJmYjczMC1lY2FhLTExZTYtOGY4OC0zNDM2M2JjN2M0YzAiOnsiY3JlYXRlIjoxMjAwMDAwMDAwMDAwLCJkZWxldGUiOjEyMDAwMDAwMDAwMDAsInVwZGF0ZSI6MTIwMDAwMDAwMDAwMH19",
          "dependencies": [
            "data.google_project.project",
            "module.demo-vpc.google_project_iam_member.iam_roles",
            "module.demo-vpc.google_project_service.enable-services"
          ]
        }
      ]
    },
    {
      "module": "module.demo-vpc",
      "mode": "managed",
      "type": "google_project_iam_member",
      "name": "iam_roles",
      "provider": "provider[\"registry.terraform.io/hashicorp/google\"]",
      "instances": [
        {
          "index_key": 0,
          "schema_version": 0,
          "attributes": {
            "condition": [],
            "etag": "BwXyj0c+a0o=",
            "id": "data-flow-build-for-argolis/roles/dataflow.worker/serviceAccount:971664390452-compute@developer.gserviceaccount.com",
            "member": "serviceAccount:971664390452-compute@developer.gserviceaccount.com",
            "project": "data-flow-build-for-argolis",
            "role": "roles/dataflow.worker"
          },
          "sensitive_attributes": [],
          "private": "bnVsbA==",
          "dependencies": [
            "data.google_project.project",
            "module.demo-vpc.google_project_service.enable-services"
          ]
        },
        {
          "index_key": 1,
          "schema_version": 0,
          "attributes": {
            "condition": [],
            "etag": "BwXyj0c+a0o=",
            "id": "data-flow-build-for-argolis/roles/pubsub.subscriber/serviceAccount:971664390452-compute@developer.gserviceaccount.com",
            "member": "serviceAccount:971664390452-compute@developer.gserviceaccount.com",
            "project": "data-flow-build-for-argolis",
            "role": "roles/pubsub.subscriber"
          },
          "sensitive_attributes": [],
          "private": "bnVsbA==",
          "dependencies": [
            "data.google_project.project",
            "module.demo-vpc.google_project_service.enable-services"
          ]
        },
        {
          "index_key": 2,
          "schema_version": 0,
          "attributes": {
            "condition": [],
            "etag": "BwXyj0c+a0o=",
            "id": "data-flow-build-for-argolis/roles/bigquery.admin/serviceAccount:971664390452-compute@developer.gserviceaccount.com",
            "member": "serviceAccount:971664390452-compute@developer.gserviceaccount.com",
            "project": "data-flow-build-for-argolis",
            "role": "roles/bigquery.admin"
          },
          "sensitive_attributes": [],
          "private": "bnVsbA==",
          "dependencies": [
            "data.google_project.project",
            "module.demo-vpc.google_project_service.enable-services"
          ]
        },
        {
          "index_key": 3,
          "schema_version": 0,
          "attributes": {
            "condition": [],
            "etag": "BwXyj0c+a0o=",
            "id": "data-flow-build-for-argolis/roles/storage.objectAdmin/serviceAccount:971664390452-compute@developer.gserviceaccount.com",
            "member": "serviceAccount:971664390452-compute@developer.gserviceaccount.com",
            "project": "data-flow-build-for-argolis",
            "role": "roles/storage.objectAdmin"
          },
          "sensitive_attributes": [],
          "private": "bnVsbA==",
          "dependencies": [
            "data.google_project.project",
            "module.demo-vpc.google_project_service.enable-services"
          ]
        }
      ]
    },
    {
      "module": "module.demo-vpc",
      "mode": "managed",
      "type": "google_project_service",
      "name": "enable-services",
      "provider": "provider[\"registry.terraform.io/hashicorp/google\"]",
      "instances": [
        {
          "index_key": "autoscaling.googleapis.com",
          "schema_version": 0,
          "attributes": {
            "disable_dependent_services": null,
            "disable_on_destroy": false,
            "id": "data-flow-build-for-argolis/autoscaling.googleapis.com",
            "project": "data-flow-build-for-argolis",
            "service": "autoscaling.googleapis.com",
            "timeouts": null
          },
          "sensitive_attributes": [],
          "private": "eyJlMmJmYjczMC1lY2FhLTExZTYtOGY4OC0zNDM2M2JjN2M0YzAiOnsiY3JlYXRlIjoxMjAwMDAwMDAwMDAwLCJkZWxldGUiOjEyMDAwMDAwMDAwMDAsInJlYWQiOjYwMDAwMDAwMDAwMCwidXBkYXRlIjoxMjAwMDAwMDAwMDAwfX0="
        },
        {
          "index_key": "compute.googleapis.com",
          "schema_version": 0,
          "attributes": {
            "disable_dependent_services": null,
            "disable_on_destroy": false,
            "id": "data-flow-build-for-argolis/compute.googleapis.com",
            "project": "data-flow-build-for-argolis",
            "service": "compute.googleapis.com",
            "timeouts": null
          },
          "sensitive_attributes": [],
          "private": "eyJlMmJmYjczMC1lY2FhLTExZTYtOGY4OC0zNDM2M2JjN2M0YzAiOnsiY3JlYXRlIjoxMjAwMDAwMDAwMDAwLCJkZWxldGUiOjEyMDAwMDAwMDAwMDAsInJlYWQiOjYwMDAwMDAwMDAwMCwidXBkYXRlIjoxMjAwMDAwMDAwMDAwfX0="
        },
        {
          "index_key": "iam.googleapis.com",
          "schema_version": 0,
          "attributes": {
            "disable_dependent_services": null,
            "disable_on_destroy": false,
            "id": "data-flow-build-for-argolis/iam.googleapis.com",
            "project": "data-flow-build-for-argolis",
            "service": "iam.googleapis.com",
            "timeouts": null
          },
          "sensitive_attributes": [],
          "private": "eyJlMmJmYjczMC1lY2FhLTExZTYtOGY4OC0zNDM2M2JjN2M0YzAiOnsiY3JlYXRlIjoxMjAwMDAwMDAwMDAwLCJkZWxldGUiOjEyMDAwMDAwMDAwMDAsInJlYWQiOjYwMDAwMDAwMDAwMCwidXBkYXRlIjoxMjAwMDAwMDAwMDAwfX0="
        },
        {
          "index_key": "iamcredentials.googleapis.com",
          "schema_version": 0,
          "attributes": {
            "disable_dependent_services": null,
            "disable_on_destroy": false,
            "id": "data-flow-build-for-argolis/iamcredentials.googleapis.com",
            "project": "data-flow-build-for-argolis",
            "service": "iamcredentials.googleapis.com",
            "timeouts": null
          },
          "sensitive_attributes": [],
          "private": "eyJlMmJmYjczMC1lY2FhLTExZTYtOGY4OC0zNDM2M2JjN2M0YzAiOnsiY3JlYXRlIjoxMjAwMDAwMDAwMDAwLCJkZWxldGUiOjEyMDAwMDAwMDAwMDAsInJlYWQiOjYwMDAwMDAwMDAwMCwidXBkYXRlIjoxMjAwMDAwMDAwMDAwfX0="
        }
      ]
    }
  ],
  "check_results": null
}
